{
  "name": "websockets",
  "version": "1.0.0",
  "lockfileVersion": 1,
  "requires": true,
  "dependencies": {
    "@influxdata/influxdb-client": {
      "version": "1.21.0",
      "resolved": "https://registry.npmjs.org/@influxdata/influxdb-client/-/influxdb-client-1.21.0.tgz",
      "integrity": "sha512-QdugX4vGFAqO43rTMfPxR4VUrEttXk6X3mZT+edcVOmIXKiJqlg4WCj7eBxJMayAs7RqDIDWRGJVGz7OC497PA=="
    },
    "@influxdata/influxdb-client-apis": {
      "version": "1.21.0",
      "resolved": "https://registry.npmjs.org/@influxdata/influxdb-client-apis/-/influxdb-client-apis-1.21.0.tgz",
      "integrity": "sha512-/fp2d8NbE9TaUltuWEEeLUWe8Hz/PhO/BVxrAS6PF+oJI1Eeukb/j0AZ+bJyiU2oZxiTFNDPquDzOAPex8CD7w=="
    },
    "@node-redis/client": {
      "version": "1.0.0",
      "resolved": "https://registry.npmjs.org/@node-redis/client/-/client-1.0.0.tgz",
      "integrity": "sha512-DWDMeZELXG3rOGzCKfJEHCkCP6rgiA1H+oqj2N0NR4Q0fQUYMxTsyoqt80GpdYLilUW6zoCiQl9yL3vJhGhiCA==",
      "requires": {
        "cluster-key-slot": "1.1.0",
        "generic-pool": "3.8.2",
        "redis-parser": "3.0.0",
        "yallist": "4.0.0"
      }
    },
    "@node-redis/json": {
      "version": "1.0.0",
      "resolved": "https://registry.npmjs.org/@node-redis/json/-/json-1.0.0.tgz",
      "integrity": "sha512-6e4qjbHODfr/KFsHYvkbfNui/kedVz+cG7Hz8oNbZM3p68QLf3A8FjcPYzixBp/QbvPeOSLgj39DjVEqjKkqkw=="
    },
    "@node-redis/search": {
      "version": "1.0.0",
      "resolved": "https://registry.npmjs.org/@node-redis/search/-/search-1.0.0.tgz",
      "integrity": "sha512-f0Cw83X5+bpDIDTNSpd3YA+ckV3kwSv/NfcKhHRPGDQXFqyMLO0Q+2t8EMQncvsMRWduURsR4nqMYGzXae1ZCA=="
    },
    "cluster-key-slot": {
      "version": "1.1.0",
      "resolved": "https://registry.npmjs.org/cluster-key-slot/-/cluster-key-slot-1.1.0.tgz",
      "integrity": "sha512-2Nii8p3RwAPiFwsnZvukotvow2rIHM+yQ6ZcBXGHdniadkYGZYiGmkHJIbZPIV9nfv7m/U1IPMVVcAhoWFeklw=="
    },
    "debug": {
      "version": "4.3.3",
      "resolved": "https://registry.npmjs.org/debug/-/debug-4.3.3.tgz",
      "integrity": "sha512-/zxw5+vh1Tfv+4Qn7a5nsbcJKPaSvCDhojn6FEl9vupwK2VCSDtEiEtqr8DFtzYFOdz63LBkxec7DYuc2jon6Q==",
      "requires": {
        "ms": "2.1.2"
      }
    },
    "denque": {
      "version": "1.5.1",
      "resolved": "https://registry.npmjs.org/denque/-/denque-1.5.1.tgz",
      "integrity": "sha512-XwE+iZ4D6ZUB7mfYRMb5wByE8L74HCn30FBN7sWnXksWc1LO1bPDl67pBR9o/kC4z/xSNAwkMYcGgqDV3BE3Hw=="
    },
    "generic-pool": {
      "version": "3.8.2",
      "resolved": "https://registry.npmjs.org/generic-pool/-/generic-pool-3.8.2.tgz",
      "integrity": "sha512-nGToKy6p3PAbYQ7p1UlWl6vSPwfwU6TMSWK7TTu+WUY4ZjyZQGniGGt2oNVvyNSpyZYSB43zMXVLcBm08MTMkg=="
    },
    "influx": {
      "version": "5.9.2",
      "resolved": "https://registry.npmjs.org/influx/-/influx-5.9.2.tgz",
      "integrity": "sha512-N2YRIQiwCO60BzmzEzTxyWj/hDNsce2CLSmki8S1qbRwwuKecfvC6n0OwJrFV70lk5CpU/sLsOZFIy6PP01nOA=="
    },
    "ioredis": {
      "version": "4.28.2",
      "resolved": "https://registry.npmjs.org/ioredis/-/ioredis-4.28.2.tgz",
      "integrity": "sha512-kQ+Iv7+c6HsDdPP2XUHaMv8DhnSeAeKEwMbaoqsXYbO+03dItXt7+5jGQDRyjdRUV2rFJbzg7P4Qt1iX2tqkOg==",
      "requires": {
        "cluster-key-slot": "^1.1.0",
        "debug": "^4.3.1",
        "denque": "^1.1.0",
        "lodash.defaults": "^4.2.0",
        "lodash.flatten": "^4.4.0",
        "lodash.isarguments": "^3.1.0",
        "p-map": "^2.1.0",
        "redis-commands": "1.7.0",
        "redis-errors": "^1.2.0",
        "redis-parser": "^3.0.0",
        "standard-as-callback": "^2.1.0"
      }
    },
    "lodash.defaults": {
      "version": "4.2.0",
      "resolved": "https://registry.npmjs.org/lodash.defaults/-/lodash.defaults-4.2.0.tgz",
      "integrity": "sha1-0JF4cW/+pN3p5ft7N/bwgCJ0WAw="
    },
    "lodash.flatten": {
      "version": "4.4.0",
      "resolved": "https://registry.npmjs.org/lodash.flatten/-/lodash.flatten-4.4.0.tgz",
      "integrity": "sha1-8xwiIlqWMtK7+OSt2+8kCqdlph8="
    },
    "lodash.isarguments": {
      "version": "3.1.0",
      "resolved": "https://registry.npmjs.org/lodash.isarguments/-/lodash.isarguments-3.1.0.tgz",
      "integrity": "sha1-L1c9hcaiQon/AGY7SRwdM4/zRYo="
    },
    "ms": {
      "version": "2.1.2",
      "resolved": "https://registry.npmjs.org/ms/-/ms-2.1.2.tgz",
      "integrity": "sha512-sGkPx+VjMtmA6MX27oA4FBFELFCZZ4S4XqeGOXCv68tT+jb3vk/RyaKWP0PTKyWtmLSM0b+adUTEvbs1PEaH2w=="
    },
    "p-map": {
      "version": "2.1.0",
      "resolved": "https://registry.npmjs.org/p-map/-/p-map-2.1.0.tgz",
      "integrity": "sha512-y3b8Kpd8OAN444hxfBbFfj1FY/RjtTd8tzYwhUqNYXx0fXx2iX4maP4Qr6qhIKbQXI02wTLAda4fYUbDagTUFw=="
    },
    "redis": {
      "version": "4.0.0",
      "resolved": "https://registry.npmjs.org/redis/-/redis-4.0.0.tgz",
      "integrity": "sha512-LtV6+h0F/e3F4mtDKKGZIl/ekEjsiqX2E0hmtNqjGqXj3wYi/nAfeVNWKRa7wFuJ+nkqwXATFGvu6h2fLCgA1A==",
      "requires": {
        "@node-redis/client": "^1.0.0",
        "@node-redis/json": "^1.0.0",
        "@node-redis/search": "^1.0.0"
      }
    },
    "redis-commands": {
      "version": "1.7.0",
      "resolved": "https://registry.npmjs.org/redis-commands/-/redis-commands-1.7.0.tgz",
      "integrity": "sha512-nJWqw3bTFy21hX/CPKHth6sfhZbdiHP6bTawSgQBlKOVRG7EZkfHbbHwQJnrE4vsQf0CMNE+3gJ4Fmm16vdVlQ=="
    },
    "redis-errors": {
      "version": "1.2.0",
      "resolved": "https://registry.npmjs.org/redis-errors/-/redis-errors-1.2.0.tgz",
      "integrity": "sha1-62LSrbFeTq9GEMBK/hUpOEJQq60="
    },
    "redis-parser": {
      "version": "3.0.0",
      "resolved": "https://registry.npmjs.org/redis-parser/-/redis-parser-3.0.0.tgz",
      "integrity": "sha1-tm2CjNyv5rS4pCin3vTGvKwxyLQ=",
      "requires": {
        "redis-errors": "^1.0.0"
      }
    },
    "standard-as-callback": {
      "version": "2.1.0",
      "resolved": "https://registry.npmjs.org/standard-as-callback/-/standard-as-callback-2.1.0.tgz",
      "integrity": "sha512-qoRRSyROncaz1z0mvYqIE4lCd9p2R90i6GxW3uZv5ucSu8tU7B5HXUP1gG8pVZsYNVaXjk8ClXHPttLyxAL48A=="
    },
    "ws": {
      "version": "8.3.0",
      "resolved": "https://registry.npmjs.org/ws/-/ws-8.3.0.tgz",
      "integrity": "sha512-Gs5EZtpqZzLvmIM59w4igITU57lrtYVFneaa434VROv4thzJyV6UjIL3D42lslWlI+D4KzLYnxSwtfuiO79sNw=="
    },
    "yallist": {
      "version": "4.0.0",
      "resolved": "https://registry.npmjs.org/yallist/-/yallist-4.0.0.tgz",
      "integrity": "sha512-3wdGidZyq5PB084XLES5TpOSRA3wjXAlIWMhum2kRcv/41Sn2emQ0dycQW4uZXLejwKvg6EsvbdlVL+FYEct7A=="
    }
  }
}
